// !$*UTF8*$!
{
	archiveVersion = 1;
	classes = {
	};
	objectVersion = 77;
	objects = {

/* Begin PBXBuildFile section */
		02E2E4B1E37B66CD1B68FD37 /* InsuranceSummaryView.swift in Sources */ = {isa = PBXBuildFile; fileRef = B93AD67463287E603B05218C /* InsuranceSummaryView.swift */; };
		0BF74C03583CE17C29B22447 /* WearCalendarView.swift in Sources */ = {isa = PBXBuildFile; fileRef = F9A3F453B55F6409386D51C7 /* WearCalendarView.swift */; };
		21CCE8762144AD255F12AB71 /* MoveToCollectionView.swift in Sources */ = {isa = PBXBuildFile; fileRef = 6691C6C49468F1FC3017C18B /* MoveToCollectionView.swift */; };
		2DAA7119A6DCA5A3090FA1C2 /* SettingsView.swift in Sources */ = {isa = PBXBuildFile; fileRef = C72517D1DEA6047C0C9190FC /* SettingsView.swift */; };
		2E4600712AFC222557822080 /* TopPerformersView.swift in Sources */ = {isa = PBXBuildFile; fileRef = 76E2D3A516957115D6A81027 /* TopPerformersView.swift */; };
		341C72D60ECCDEF3BC1069AF /* WatchDetailView.swift in Sources */ = {isa = PBXBuildFile; fileRef = C03155BBBE7963B82AF5D776 /* WatchDetailView.swift */; };
		36E6109225F9FDC9DFE86F64 /* ServiceRecord.swift in Sources */ = {isa = PBXBuildFile; fileRef = AA5282C792A9C9C756066F0A /* ServiceRecord.swift */; };
		3ADEBF41CAC3A7E56A77AA30 /* WearAnalyticsView.swift in Sources */ = {isa = PBXBuildFile; fileRef = 7CA94BA5C82FCD4D15806361 /* WearAnalyticsView.swift */; };
		3C580B24BACEBD1807305FB7 /* DataManager.swift in Sources */ = {isa = PBXBuildFile; fileRef = 8FD5A7C34C7E842E39629E9C /* DataManager.swift */; };
		4EAC4B76EDFB00FB948D0662 /* Watch.swift in Sources */ = {isa = PBXBuildFile; fileRef = C3FA8EA914719BF5F1DD061A /* Watch.swift */; };
		52209C7008CB82F515D64DD6 /* Theme.swift in Sources */ = {isa = PBXBuildFile; fileRef = AA45750A8307AAA77E059D9B /* Theme.swift */; };
		546CAC6337C9C592D5488A69 /* DocumentDetailView.swift in Sources */ = {isa = PBXBuildFile; fileRef = 856BD9143CB11256BBD30AAD /* DocumentDetailView.swift */; };
		55E086D70AC2760AF3A9DE5E /* CollectionValueDashboardView.swift in Sources */ = {isa = PBXBuildFile; fileRef = 7558503B821329178CE4635A /* CollectionValueDashboardView.swift */; };
		59BBD69D11EC6CBB47B3A84E /* Assets.xcassets in Resources */ = {isa = PBXBuildFile; fileRef = E09C0564075B89A975BB7796 /* Assets.xcassets */; };
		6B00E565F10CE2F86E501221 /* DailyWearLogView.swift in Sources */ = {isa = PBXBuildFile; fileRef = 89581317C2285AAA8B21A861 /* DailyWearLogView.swift */; };
		70DB64EDF4D238EF1099F7AE /* VaultApp.swift in Sources */ = {isa = PBXBuildFile; fileRef = A9EDC5151302783D02B5C425 /* VaultApp.swift */; };
		762786DEC456C484B5F87991 /* MoreView.swift in Sources */ = {isa = PBXBuildFile; fileRef = 2B39EE0FA2E2A39705645503 /* MoreView.swift */; };
		76F7A11DD9F971124915D817 /* AddEditWatchView.swift in Sources */ = {isa = PBXBuildFile; fileRef = 0A933C6F4E50579B544514DA /* AddEditWatchView.swift */; };
		804267FE48175AD985F51AD0 /* InsuranceDocument.swift in Sources */ = {isa = PBXBuildFile; fileRef = 378FF1E34A7C8B766422DD36 /* InsuranceDocument.swift */; };
		845558AB4E633F9BD853E154 /* ValueHistory.swift in Sources */ = {isa = PBXBuildFile; fileRef = AB9D4DABF0C8C9B34DCFC625 /* ValueHistory.swift */; };
		892588138507C31C1957EE84 /* MarketDataProvider.swift in Sources */ = {isa = PBXBuildFile; fileRef = 026725E7AA863CFA08BD268E /* MarketDataProvider.swift */; };
		8C5056F8F4D78A6CAF9B984A /* AddDocumentView.swift in Sources */ = {isa = PBXBuildFile; fileRef = 79AC473FF462A119153FD8D8 /* AddDocumentView.swift */; };
		8F9248D79A2A303E64F2172D /* PriceAlertService.swift in Sources */ = {isa = PBXBuildFile; fileRef = 9EDDEDCFCCC3D9AF4C3DB23A /* PriceAlertService.swift */; };
		92D8158EFE418B3F352A96EC /* ServiceRecordListView.swift in Sources */ = {isa = PBXBuildFile; fileRef = 7F5D9CDB730A352CADE624A4 /* ServiceRecordListView.swift */; };
		977D145492A3BDEF6A2763E5 /* AddServiceRecordView.swift in Sources */ = {isa = PBXBuildFile; fileRef = AB85987ACBCADC534D1B2DA3 /* AddServiceRecordView.swift */; };
		997176DC157FC98DC8A5235D /* AnalyticsExportView.swift in Sources */ = {isa = PBXBuildFile; fileRef = D3F335BF4123D57F96E48376 /* AnalyticsExportView.swift */; };
		A278586B865C0B1451C233BE /* PhotoStorageService.swift in Sources */ = {isa = PBXBuildFile; fileRef = 6310EA0421E492E0932B8E89 /* PhotoStorageService.swift */; };
		A292D6C5E7C0491F7B0FEAE8 /* ValueTrackingService.swift in Sources */ = {isa = PBXBuildFile; fileRef = 9E29B165B2420B54BA9240C9 /* ValueTrackingService.swift */; };
		A3EDE3A25060B99B167F629A /* WearStatisticsView.swift in Sources */ = {isa = PBXBuildFile; fileRef = 592CCC35C1F9B7A35CF4B5D0 /* WearStatisticsView.swift */; };
		A7E2B50731213E5B36DECF71 /* ValueTrackingServiceTests.swift in Sources */ = {isa = PBXBuildFile; fileRef = 422A20B18A1B63889DFABE6C /* ValueTrackingServiceTests.swift */; };
		AE41C0B7FC51873C6551963B /* ValueTrendChartView.swift in Sources */ = {isa = PBXBuildFile; fileRef = 72AA11228EA3E2E9457EECC3 /* ValueTrendChartView.swift */; };
		AECFE0BF8DEFDF7925038CF7 /* ContentView.swift in Sources */ = {isa = PBXBuildFile; fileRef = E0F94B0EEE3449AC22DA35AA /* ContentView.swift */; };
		B745AA336D17E9AA09F1EA28 /* PriceHistoryChartView.swift in Sources */ = {isa = PBXBuildFile; fileRef = 26C7BB4D144EF4C23E2EB428 /* PriceHistoryChartView.swift */; };
		B8FB3387D273AE5F6CF90728 /* OnboardingView.swift in Sources */ = {isa = PBXBuildFile; fileRef = AD63E5F42D4DB7738AFACD62 /* OnboardingView.swift */; };
		BAE75E79DFAE0411FC56022E /* InsurancePDFService.swift in Sources */ = {isa = PBXBuildFile; fileRef = 9D1219134B99E8EDE1E52AC0 /* InsurancePDFService.swift */; };
		BDCE1E10FE0DEDFD79A5129D /* ServiceType.swift in Sources */ = {isa = PBXBuildFile; fileRef = 5720D18739BEC29A8B5FAA4C /* ServiceType.swift */; };
		BEEA112369FDA99F93468BBE /* WishlistDetailView.swift in Sources */ = {isa = PBXBuildFile; fileRef = 315CB07843F3AFDEEC2EE925 /* WishlistDetailView.swift */; };
		BF9D3C80BDBEEFF46D4D843D /* AnalyticsView.swift in Sources */ = {isa = PBXBuildFile; fileRef = 93086D640732F70FCE4EE21E /* AnalyticsView.swift */; };
		C732AB49FBC5F29E8E1476AB /* DocumentListView.swift in Sources */ = {isa = PBXBuildFile; fileRef = 8403FD7A8BE2720D418A64B7 /* DocumentListView.swift */; };
		C8AB2D54210851A26289B8CC /* PlaceholderView.swift in Sources */ = {isa = PBXBuildFile; fileRef = 0E79686895C28F6812B50F70 /* PlaceholderView.swift */; };
		CA837015C1024EF93370DF2C /* InsuranceView.swift in Sources */ = {isa = PBXBuildFile; fileRef = 6B6AFD27C0496FE675CF90F7 /* InsuranceView.swift */; };
		CDFE011EC2F1E630AD79F3AD /* PaywallView.swift in Sources */ = {isa = PBXBuildFile; fileRef = CABAC45DAADC583DEE360C3B /* PaywallView.swift */; };
		D16F691F1E87565463517A09 /* WatchGridCell.swift in Sources */ = {isa = PBXBuildFile; fileRef = 8D6F6F43E3CA1B2E9BC647D9 /* WatchGridCell.swift */; };
		D2E2EDEE538BBC8F8E285EB0 /* ComparisonView.swift in Sources */ = {isa = PBXBuildFile; fileRef = E7146855425C64B8F3DC02C0 /* ComparisonView.swift */; };
		D5CE19FFCF8A8DBDA0991C4D /* AddWishlistWatchView.swift in Sources */ = {isa = PBXBuildFile; fileRef = 7C3E8F63CAE2667DFA92ADAE /* AddWishlistWatchView.swift */; };
		DA6C357736047C2CB0FB7865 /* BrandBreakdownChartView.swift in Sources */ = {isa = PBXBuildFile; fileRef = 627E84CF5E1E6036D0D938ED /* BrandBreakdownChartView.swift */; };
		DB7D18913E2C9CD8226DA122 /* WearLog.swift in Sources */ = {isa = PBXBuildFile; fileRef = 2B5CBF57F327BCC7042E2FC5 /* WearLog.swift */; };
		DD771D468AE08423664B6620 /* CollectionView.swift in Sources */ = {isa = PBXBuildFile; fileRef = B16F7E03DDA7B2B4820E2133 /* CollectionView.swift */; };
		E42903313E9BA0DED2D8E95F /* WearHistoryView.swift in Sources */ = {isa = PBXBuildFile; fileRef = 912B73C8A9B29C10D7B32443 /* WearHistoryView.swift */; };
		E7A4B45272DA5AAB2C2F6036 /* WishlistView.swift in Sources */ = {isa = PBXBuildFile; fileRef = 94E9E16F340D82AB7B1F69DC /* WishlistView.swift */; };
		EF4B0028991C4873EB15227A /* CollectionStatsView.swift in Sources */ = {isa = PBXBuildFile; fileRef = 44BA74D1A23096ABED085B55 /* CollectionStatsView.swift */; };
		F17DB9677445F2A6A142BD4D /* StoreManager.swift in Sources */ = {isa = PBXBuildFile; fileRef = 0DE625BAA225DC7960C25B96 /* StoreManager.swift */; };
/* End PBXBuildFile section */

/* Begin PBXContainerItemProxy section */
		560981DD456B339E282FA7D7 /* PBXContainerItemProxy */ = {
			isa = PBXContainerItemProxy;
			containerPortal = 67951CF71F4DFCDAAA504831 /* Project object */;
			proxyType = 1;
			remoteGlobalIDString = DDB44E800EA1C34592858BFF;
			remoteInfo = Vault;
		};
/* End PBXContainerItemProxy section */

/* Begin PBXFileReference section */
		026725E7AA863CFA08BD268E /* MarketDataProvider.swift */ = {isa = PBXFileReference; lastKnownFileType = sourcecode.swift; path = MarketDataProvider.swift; sourceTree = "<group>"; };
		0A933C6F4E50579B544514DA /* AddEditWatchView.swift */ = {isa = PBXFileReference; lastKnownFileType = sourcecode.swift; path = AddEditWatchView.swift; sourceTree = "<group>"; };
		0DE625BAA225DC7960C25B96 /* StoreManager.swift */ = {isa = PBXFileReference; includeInIndex = 1; lastKnownFileType = sourcecode.swift; path = StoreManager.swift; sourceTree = "<group>"; };
		0E79686895C28F6812B50F70 /* PlaceholderView.swift */ = {isa = PBXFileReference; lastKnownFileType = sourcecode.swift; path = PlaceholderView.swift; sourceTree = "<group>"; };
		26C7BB4D144EF4C23E2EB428 /* PriceHistoryChartView.swift */ = {isa = PBXFileReference; lastKnownFileType = sourcecode.swift; path = PriceHistoryChartView.swift; sourceTree = "<group>"; };
		2B39EE0FA2E2A39705645503 /* MoreView.swift */ = {isa = PBXFileReference; lastKnownFileType = sourcecode.swift; path = MoreView.swift; sourceTree = "<group>"; };
		2B5CBF57F327BCC7042E2FC5 /* WearLog.swift */ = {isa = PBXFileReference; lastKnownFileType = sourcecode.swift; path = WearLog.swift; sourceTree = "<group>"; };
		315CB07843F3AFDEEC2EE925 /* WishlistDetailView.swift */ = {isa = PBXFileReference; lastKnownFileType = sourcecode.swift; path = WishlistDetailView.swift; sourceTree = "<group>"; };
		34030F225FE9F0E69571DFF2 /* .gitkeep */ = {isa = PBXFileReference; path = .gitkeep; sourceTree = "<group>"; };
		378FF1E34A7C8B766422DD36 /* InsuranceDocument.swift */ = {isa = PBXFileReference; lastKnownFileType = sourcecode.swift; path = InsuranceDocument.swift; sourceTree = "<group>"; };
		422A20B18A1B63889DFABE6C /* ValueTrackingServiceTests.swift */ = {isa = PBXFileReference; lastKnownFileType = sourcecode.swift; path = ValueTrackingServiceTests.swift; sourceTree = "<group>"; };
		44BA74D1A23096ABED085B55 /* CollectionStatsView.swift */ = {isa = PBXFileReference; lastKnownFileType = sourcecode.swift; path = CollectionStatsView.swift; sourceTree = "<group>"; };
		5407D3673E6DE9A23831DA43 /* Configuration.storekit */ = {isa = PBXFileReference; includeInIndex = 1; path = Configuration.storekit; sourceTree = "<group>"; };
		5720D18739BEC29A8B5FAA4C /* ServiceType.swift */ = {isa = PBXFileReference; lastKnownFileType = sourcecode.swift; path = ServiceType.swift; sourceTree = "<group>"; };
		590CB3251467FCB0AFF5D186 /* VaultTests.xctest */ = {isa = PBXFileReference; includeInIndex = 0; lastKnownFileType = wrapper.cfbundle; path = VaultTests.xctest; sourceTree = BUILT_PRODUCTS_DIR; };
		592CCC35C1F9B7A35CF4B5D0 /* WearStatisticsView.swift */ = {isa = PBXFileReference; lastKnownFileType = sourcecode.swift; path = WearStatisticsView.swift; sourceTree = "<group>"; };
		627E84CF5E1E6036D0D938ED /* BrandBreakdownChartView.swift */ = {isa = PBXFileReference; lastKnownFileType = sourcecode.swift; path = BrandBreakdownChartView.swift; sourceTree = "<group>"; };
		6310EA0421E492E0932B8E89 /* PhotoStorageService.swift */ = {isa = PBXFileReference; lastKnownFileType = sourcecode.swift; path = PhotoStorageService.swift; sourceTree = "<group>"; };
		6691C6C49468F1FC3017C18B /* MoveToCollectionView.swift */ = {isa = PBXFileReference; lastKnownFileType = sourcecode.swift; path = MoveToCollectionView.swift; sourceTree = "<group>"; };
		6B6AFD27C0496FE675CF90F7 /* InsuranceView.swift */ = {isa = PBXFileReference; lastKnownFileType = sourcecode.swift; path = InsuranceView.swift; sourceTree = "<group>"; };
		72AA11228EA3E2E9457EECC3 /* ValueTrendChartView.swift */ = {isa = PBXFileReference; lastKnownFileType = sourcecode.swift; path = ValueTrendChartView.swift; sourceTree = "<group>"; };
		7558503B821329178CE4635A /* CollectionValueDashboardView.swift */ = {isa = PBXFileReference; lastKnownFileType = sourcecode.swift; path = CollectionValueDashboardView.swift; sourceTree = "<group>"; };
		76E2D3A516957115D6A81027 /* TopPerformersView.swift */ = {isa = PBXFileReference; lastKnownFileType = sourcecode.swift; path = TopPerformersView.swift; sourceTree = "<group>"; };
		79AC473FF462A119153FD8D8 /* AddDocumentView.swift */ = {isa = PBXFileReference; lastKnownFileType = sourcecode.swift; path = AddDocumentView.swift; sourceTree = "<group>"; };
		7AA0F645DCBED0D516F92667 /* Vault.app */ = {isa = PBXFileReference; includeInIndex = 0; lastKnownFileType = wrapper.application; path = Vault.app; sourceTree = BUILT_PRODUCTS_DIR; };
		7C3E8F63CAE2667DFA92ADAE /* AddWishlistWatchView.swift */ = {isa = PBXFileReference; lastKnownFileType = sourcecode.swift; path = AddWishlistWatchView.swift; sourceTree = "<group>"; };
		7CA94BA5C82FCD4D15806361 /* WearAnalyticsView.swift */ = {isa = PBXFileReference; lastKnownFileType = sourcecode.swift; path = WearAnalyticsView.swift; sourceTree = "<group>"; };
		7F5D9CDB730A352CADE624A4 /* ServiceRecordListView.swift */ = {isa = PBXFileReference; lastKnownFileType = sourcecode.swift; path = ServiceRecordListView.swift; sourceTree = "<group>"; };
		8403FD7A8BE2720D418A64B7 /* DocumentListView.swift */ = {isa = PBXFileReference; lastKnownFileType = sourcecode.swift; path = DocumentListView.swift; sourceTree = "<group>"; };
		856BD9143CB11256BBD30AAD /* DocumentDetailView.swift */ = {isa = PBXFileReference; lastKnownFileType = sourcecode.swift; path = DocumentDetailView.swift; sourceTree = "<group>"; };
		89581317C2285AAA8B21A861 /* DailyWearLogView.swift */ = {isa = PBXFileReference; lastKnownFileType = sourcecode.swift; path = DailyWearLogView.swift; sourceTree = "<group>"; };
		8D6F6F43E3CA1B2E9BC647D9 /* WatchGridCell.swift */ = {isa = PBXFileReference; lastKnownFileType = sourcecode.swift; path = WatchGridCell.swift; sourceTree = "<group>"; };
		8FD5A7C34C7E842E39629E9C /* DataManager.swift */ = {isa = PBXFileReference; lastKnownFileType = sourcecode.swift; path = DataManager.swift; sourceTree = "<group>"; };
		912B73C8A9B29C10D7B32443 /* WearHistoryView.swift */ = {isa = PBXFileReference; lastKnownFileType = sourcecode.swift; path = WearHistoryView.swift; sourceTree = "<group>"; };
		93086D640732F70FCE4EE21E /* AnalyticsView.swift */ = {isa = PBXFileReference; lastKnownFileType = sourcecode.swift; path = AnalyticsView.swift; sourceTree = "<group>"; };
		94E9E16F340D82AB7B1F69DC /* WishlistView.swift */ = {isa = PBXFileReference; lastKnownFileType = sourcecode.swift; path = WishlistView.swift; sourceTree = "<group>"; };
		9D1219134B99E8EDE1E52AC0 /* InsurancePDFService.swift */ = {isa = PBXFileReference; lastKnownFileType = sourcecode.swift; path = InsurancePDFService.swift; sourceTree = "<group>"; };
		9E29B165B2420B54BA9240C9 /* ValueTrackingService.swift */ = {isa = PBXFileReference; lastKnownFileType = sourcecode.swift; path = ValueTrackingService.swift; sourceTree = "<group>"; };
		9EDDEDCFCCC3D9AF4C3DB23A /* PriceAlertService.swift */ = {isa = PBXFileReference; lastKnownFileType = sourcecode.swift; path = PriceAlertService.swift; sourceTree = "<group>"; };
		A9EDC5151302783D02B5C425 /* VaultApp.swift */ = {isa = PBXFileReference; lastKnownFileType = sourcecode.swift; path = VaultApp.swift; sourceTree = "<group>"; };
		AA45750A8307AAA77E059D9B /* Theme.swift */ = {isa = PBXFileReference; lastKnownFileType = sourcecode.swift; path = Theme.swift; sourceTree = "<group>"; };
		AA5282C792A9C9C756066F0A /* ServiceRecord.swift */ = {isa = PBXFileReference; lastKnownFileType = sourcecode.swift; path = ServiceRecord.swift; sourceTree = "<group>"; };
		AAAC7CD352C170B46DC5E48B /* .gitkeep */ = {isa = PBXFileReference; path = .gitkeep; sourceTree = "<group>"; };
		AB85987ACBCADC534D1B2DA3 /* AddServiceRecordView.swift */ = {isa = PBXFileReference; lastKnownFileType = sourcecode.swift; path = AddServiceRecordView.swift; sourceTree = "<group>"; };
		AB9D4DABF0C8C9B34DCFC625 /* ValueHistory.swift */ = {isa = PBXFileReference; lastKnownFileType = sourcecode.swift; path = ValueHistory.swift; sourceTree = "<group>"; };
		AD63E5F42D4DB7738AFACD62 /* OnboardingView.swift */ = {isa = PBXFileReference; lastKnownFileType = sourcecode.swift; path = OnboardingView.swift; sourceTree = "<group>"; };
		B16F7E03DDA7B2B4820E2133 /* CollectionView.swift */ = {isa = PBXFileReference; lastKnownFileType = sourcecode.swift; path = CollectionView.swift; sourceTree = "<group>"; };
		B93AD67463287E603B05218C /* InsuranceSummaryView.swift */ = {isa = PBXFileReference; lastKnownFileType = sourcecode.swift; path = InsuranceSummaryView.swift; sourceTree = "<group>"; };
		C03155BBBE7963B82AF5D776 /* WatchDetailView.swift */ = {isa = PBXFileReference; lastKnownFileType = sourcecode.swift; path = WatchDetailView.swift; sourceTree = "<group>"; };
		C3FA8EA914719BF5F1DD061A /* Watch.swift */ = {isa = PBXFileReference; lastKnownFileType = sourcecode.swift; path = Watch.swift; sourceTree = "<group>"; };
		C72517D1DEA6047C0C9190FC /* SettingsView.swift */ = {isa = PBXFileReference; lastKnownFileType = sourcecode.swift; path = SettingsView.swift; sourceTree = "<group>"; };
		CA84263BDD9E436F3764C223 /* .gitkeep */ = {isa = PBXFileReference; path = .gitkeep; sourceTree = "<group>"; };
		CABAC45DAADC583DEE360C3B /* PaywallView.swift */ = {isa = PBXFileReference; includeInIndex = 1; lastKnownFileType = sourcecode.swift; path = PaywallView.swift; sourceTree = "<group>"; };
		D3F335BF4123D57F96E48376 /* AnalyticsExportView.swift */ = {isa = PBXFileReference; lastKnownFileType = sourcecode.swift; path = AnalyticsExportView.swift; sourceTree = "<group>"; };
		E09C0564075B89A975BB7796 /* Assets.xcassets */ = {isa = PBXFileReference; lastKnownFileType = folder.assetcatalog; path = Assets.xcassets; sourceTree = "<group>"; };
		E0F94B0EEE3449AC22DA35AA /* ContentView.swift */ = {isa = PBXFileReference; lastKnownFileType = sourcecode.swift; path = ContentView.swift; sourceTree = "<group>"; };
		E7146855425C64B8F3DC02C0 /* ComparisonView.swift */ = {isa = PBXFileReference; lastKnownFileType = sourcecode.swift; path = ComparisonView.swift; sourceTree = "<group>"; };
		F333E54AD5A578E630404888 /* PaywallView.swift */ = {isa = PBXFileReference; includeInIndex = 1; lastKnownFileType = sourcecode.swift; path = PaywallView.swift; sourceTree = "<group>"; };
		F9A3F453B55F6409386D51C7 /* WearCalendarView.swift */ = {isa = PBXFileReference; lastKnownFileType = sourcecode.swift; path = WearCalendarView.swift; sourceTree = "<group>"; };
/* End PBXFileReference section */

/* Begin PBXGroup section */
		02FAB70427EAFD516F702AA5 /* Insurance */ = {
			isa = PBXGroup;
			children = (
				79AC473FF462A119153FD8D8 /* AddDocumentView.swift */,
				AB85987ACBCADC534D1B2DA3 /* AddServiceRecordView.swift */,
				856BD9143CB11256BBD30AAD /* DocumentDetailView.swift */,
				8403FD7A8BE2720D418A64B7 /* DocumentListView.swift */,
				B93AD67463287E603B05218C /* InsuranceSummaryView.swift */,
				6B6AFD27C0496FE675CF90F7 /* InsuranceView.swift */,
				7F5D9CDB730A352CADE624A4 /* ServiceRecordListView.swift */,
			);
			path = Insurance;
			sourceTree = "<group>";
		};
		05A40E2AE79426A0467EE925 /* Products */ = {
			isa = PBXGroup;
			children = (
				7AA0F645DCBED0D516F92667 /* Vault.app */,
				590CB3251467FCB0AFF5D186 /* VaultTests.xctest */,
			);
			name = Products;
			sourceTree = "<group>";
		};
		18E6381166B84597A5685C24 /* Views */ = {
			isa = PBXGroup;
			children = (
				2B39EE0FA2E2A39705645503 /* MoreView.swift */,
				6DC2D1FBC0A02FC138FF2EE6 /* Analytics */,
				73F05FB3E63359A7F8585DF9 /* Collection */,
				02FAB70427EAFD516F702AA5 /* Insurance */,
				A8E8ADAD76FE24EA000EB864 /* Onboarding */,
				48CDF8BE272F18416BFE8DFE /* Settings */,
				1EBF5E917AC5C2CD83430144 /* Shared */,
				25C0F446E7A3F5380EA4455B /* WearHistory */,
				6638B8E7F4DF2B818FF5A030 /* Wishlist */,
				F2A63D8A06967C8FB6E5B411 /* Paywall */,
			);
			path = Views;
			sourceTree = "<group>";
		};
		1EBF5E917AC5C2CD83430144 /* Shared */ = {
			isa = PBXGroup;
			children = (
				0E79686895C28F6812B50F70 /* PlaceholderView.swift */,
				AA45750A8307AAA77E059D9B /* Theme.swift */,
			);
			path = Shared;
			sourceTree = "<group>";
		};
		25C0F446E7A3F5380EA4455B /* WearHistory */ = {
			isa = PBXGroup;
			children = (
				89581317C2285AAA8B21A861 /* DailyWearLogView.swift */,
				F9A3F453B55F6409386D51C7 /* WearCalendarView.swift */,
				912B73C8A9B29C10D7B32443 /* WearHistoryView.swift */,
				592CCC35C1F9B7A35CF4B5D0 /* WearStatisticsView.swift */,
			);
			path = WearHistory;
			sourceTree = "<group>";
		};
		48CDF8BE272F18416BFE8DFE /* Settings */ = {
			isa = PBXGroup;
			children = (
				C72517D1DEA6047C0C9190FC /* SettingsView.swift */,
			);
			path = Settings;
			sourceTree = "<group>";
		};
		6638B8E7F4DF2B818FF5A030 /* Wishlist */ = {
			isa = PBXGroup;
			children = (
				7C3E8F63CAE2667DFA92ADAE /* AddWishlistWatchView.swift */,
				6691C6C49468F1FC3017C18B /* MoveToCollectionView.swift */,
				26C7BB4D144EF4C23E2EB428 /* PriceHistoryChartView.swift */,
				315CB07843F3AFDEEC2EE925 /* WishlistDetailView.swift */,
				94E9E16F340D82AB7B1F69DC /* WishlistView.swift */,
			);
			path = Wishlist;
			sourceTree = "<group>";
		};
		6DC2D1FBC0A02FC138FF2EE6 /* Analytics */ = {
			isa = PBXGroup;
			children = (
				D3F335BF4123D57F96E48376 /* AnalyticsExportView.swift */,
				93086D640732F70FCE4EE21E /* AnalyticsView.swift */,
				627E84CF5E1E6036D0D938ED /* BrandBreakdownChartView.swift */,
				44BA74D1A23096ABED085B55 /* CollectionStatsView.swift */,
				7558503B821329178CE4635A /* CollectionValueDashboardView.swift */,
				E7146855425C64B8F3DC02C0 /* ComparisonView.swift */,
				76E2D3A516957115D6A81027 /* TopPerformersView.swift */,
				72AA11228EA3E2E9457EECC3 /* ValueTrendChartView.swift */,
				7CA94BA5C82FCD4D15806361 /* WearAnalyticsView.swift */,
			);
			path = Analytics;
			sourceTree = "<group>";
		};
		73F05FB3E63359A7F8585DF9 /* Collection */ = {
			isa = PBXGroup;
			children = (
				0A933C6F4E50579B544514DA /* AddEditWatchView.swift */,
				B16F7E03DDA7B2B4820E2133 /* CollectionView.swift */,
				C03155BBBE7963B82AF5D776 /* WatchDetailView.swift */,
				8D6F6F43E3CA1B2E9BC647D9 /* WatchGridCell.swift */,
			);
			path = Collection;
			sourceTree = "<group>";
		};
		875110C8B7DB72F6D4BC5406 /* Resources */ = {
			isa = PBXGroup;
			children = (
				AAAC7CD352C170B46DC5E48B /* .gitkeep */,
				E09C0564075B89A975BB7796 /* Assets.xcassets */,
			);
			path = Resources;
			sourceTree = "<group>";
		};
		A209B55C86C079A792DF04A2 /* App */ = {
			isa = PBXGroup;
			children = (
				E0F94B0EEE3449AC22DA35AA /* ContentView.swift */,
				A9EDC5151302783D02B5C425 /* VaultApp.swift */,
			);
			path = App;
			sourceTree = "<group>";
		};
		A3438F53070B56F5BA2A0313 /* VaultTests */ = {
			isa = PBXGroup;
			children = (
				422A20B18A1B63889DFABE6C /* ValueTrackingServiceTests.swift */,
			);
			path = VaultTests;
			sourceTree = "<group>";
		};
		A8E8ADAD76FE24EA000EB864 /* Onboarding */ = {
			isa = PBXGroup;
			children = (
				AD63E5F42D4DB7738AFACD62 /* OnboardingView.swift */,
			);
			path = Onboarding;
			sourceTree = "<group>";
		};
		ADC41F79D9A407A364EA80B5 /* Services */ = {
			isa = PBXGroup;
			children = (
				CA84263BDD9E436F3764C223 /* .gitkeep */,
				8FD5A7C34C7E842E39629E9C /* DataManager.swift */,
				9D1219134B99E8EDE1E52AC0 /* InsurancePDFService.swift */,
				026725E7AA863CFA08BD268E /* MarketDataProvider.swift */,
				6310EA0421E492E0932B8E89 /* PhotoStorageService.swift */,
				9EDDEDCFCCC3D9AF4C3DB23A /* PriceAlertService.swift */,
				9E29B165B2420B54BA9240C9 /* ValueTrackingService.swift */,
				0DE625BAA225DC7960C25B96 /* StoreManager.swift */,
			);
			path = Services;
			sourceTree = "<group>";
		};
		C8F7179879B10AC8F79B78A0 = {
			isa = PBXGroup;
			children = (
				E0A45C9AFCB1F2E27B9EEE61 /* Vault */,
				A3438F53070B56F5BA2A0313 /* VaultTests */,
				05A40E2AE79426A0467EE925 /* Products */,
			);
			sourceTree = "<group>";
		};
		DDA6BE5C27AD61BB1575D264 /* Models */ = {
			isa = PBXGroup;
			children = (
				34030F225FE9F0E69571DFF2 /* .gitkeep */,
				378FF1E34A7C8B766422DD36 /* InsuranceDocument.swift */,
				AA5282C792A9C9C756066F0A /* ServiceRecord.swift */,
				5720D18739BEC29A8B5FAA4C /* ServiceType.swift */,
				AB9D4DABF0C8C9B34DCFC625 /* ValueHistory.swift */,
				C3FA8EA914719BF5F1DD061A /* Watch.swift */,
				2B5CBF57F327BCC7042E2FC5 /* WearLog.swift */,
			);
			path = Models;
			sourceTree = "<group>";
		};
		E0A45C9AFCB1F2E27B9EEE61 /* Vault */ = {
			isa = PBXGroup;
			children = (
				A209B55C86C079A792DF04A2 /* App */,
				DDA6BE5C27AD61BB1575D264 /* Models */,
				875110C8B7DB72F6D4BC5406 /* Resources */,
				ADC41F79D9A407A364EA80B5 /* Services */,
				18E6381166B84597A5685C24 /* Views */,
				5407D3673E6DE9A23831DA43 /* Configuration.storekit */,
			);
			path = Vault;
			sourceTree = "<group>";
		};
		F2A63D8A06967C8FB6E5B411 /* Paywall */ = {
			isa = PBXGroup;
			children = (
				CABAC45DAADC583DEE360C3B /* PaywallView.swift */,
			);
			path = Paywall;
			sourceTree = "<group>";
		};
/* End PBXGroup section */

/* Begin PBXNativeTarget section */
		DDB44E800EA1C34592858BFF /* Vault */ = {
			isa = PBXNativeTarget;
			buildConfigurationList = E34AA4A293A909B9F0830AE2 /* Build configuration list for PBXNativeTarget "Vault" */;
			buildPhases = (
				FAD54CA8499EE0722917C7EF /* Sources */,
				612812AA241EB8250D93A749 /* Resources */,
			);
			buildRules = (
			);
			dependencies = (
			);
			name = Vault;
			productName = Vault;
			productReference = 7AA0F645DCBED0D516F92667 /* Vault.app */;
			productType = "com.apple.product-type.application";
		};
		F978F7C937ADF5C2D227E8B8 /* VaultTests */ = {
			isa = PBXNativeTarget;
			buildConfigurationList = 8D9655B528C30FC724FE49F6 /* Build configuration list for PBXNativeTarget "VaultTests" */;
			buildPhases = (
				9DAFFBE885EFD54A96FC3938 /* Sources */,
			);
			buildRules = (
			);
			dependencies = (
				EC5CA4F5F3D1BA289B07A8D6 /* PBXTargetDependency */,
			);
			name = VaultTests;
			productName = VaultTests;
			productReference = 590CB3251467FCB0AFF5D186 /* VaultTests.xctest */;
			productType = "com.apple.product-type.bundle.unit-test";
		};
/* End PBXNativeTarget section */

/* Begin PBXProject section */
		67951CF71F4DFCDAAA504831 /* Project object */ = {
			isa = PBXProject;
			attributes = {
				BuildIndependentTargetsInParallel = YES;
				LastUpgradeCheck = 1600;
				TargetAttributes = {
					DDB44E800EA1C34592858BFF = {
						DevelopmentTeam = 62R87RHN6R;
						ProvisioningStyle = Automatic;
					};
					F978F7C937ADF5C2D227E8B8 = {
						DevelopmentTeam = 62R87RHN6R;
						ProvisioningStyle = Automatic;
					};
				};
			};
			buildConfigurationList = 829E48BC2F49A560BFADFCE8 /* Build configuration list for PBXProject "Vault" */;
			compatibilityVersion = "Xcode 14.0";
			developmentRegion = en;
			hasScannedForEncodings = 0;
			knownRegions = (
				Base,
				en,
			);
			mainGroup = C8F7179879B10AC8F79B78A0;
			minimizedProjectReferenceProxies = 1;
			preferredProjectObjectVersion = 77;
			productRefGroup = 05A40E2AE79426A0467EE925 /* Products */;
			projectDirPath = "";
			projectRoot = "";
			targets = (
				DDB44E800EA1C34592858BFF /* Vault */,
				F978F7C937ADF5C2D227E8B8 /* VaultTests */,
			);
		};
/* End PBXProject section */

/* Begin PBXResourcesBuildPhase section */
		612812AA241EB8250D93A749 /* Resources */ = {
			isa = PBXResourcesBuildPhase;
			buildActionMask = 2147483647;
			files = (
				59BBD69D11EC6CBB47B3A84E /* Assets.xcassets in Resources */,
			);
			runOnlyForDeploymentPostprocessing = 0;
		};
/* End PBXResourcesBuildPhase section */

/* Begin PBXSourcesBuildPhase section */
		9DAFFBE885EFD54A96FC3938 /* Sources */ = {
			isa = PBXSourcesBuildPhase;
			buildActionMask = 2147483647;
			files = (
				A7E2B50731213E5B36DECF71 /* ValueTrackingServiceTests.swift in Sources */,
			);
			runOnlyForDeploymentPostprocessing = 0;
		};
		FAD54CA8499EE0722917C7EF /* Sources */ = {
			isa = PBXSourcesBuildPhase;
			buildActionMask = 2147483647;
			files = (
				8C5056F8F4D78A6CAF9B984A /* AddDocumentView.swift in Sources */,
				76F7A11DD9F971124915D817 /* AddEditWatchView.swift in Sources */,
				977D145492A3BDEF6A2763E5 /* AddServiceRecordView.swift in Sources */,
				D5CE19FFCF8A8DBDA0991C4D /* AddWishlistWatchView.swift in Sources */,
				997176DC157FC98DC8A5235D /* AnalyticsExportView.swift in Sources */,
				BF9D3C80BDBEEFF46D4D843D /* AnalyticsView.swift in Sources */,
				DA6C357736047C2CB0FB7865 /* BrandBreakdownChartView.swift in Sources */,
				EF4B0028991C4873EB15227A /* CollectionStatsView.swift in Sources */,
				55E086D70AC2760AF3A9DE5E /* CollectionValueDashboardView.swift in Sources */,
				DD771D468AE08423664B6620 /* CollectionView.swift in Sources */,
				D2E2EDEE538BBC8F8E285EB0 /* ComparisonView.swift in Sources */,
				AECFE0BF8DEFDF7925038CF7 /* ContentView.swift in Sources */,
				6B00E565F10CE2F86E501221 /* DailyWearLogView.swift in Sources */,
				3C580B24BACEBD1807305FB7 /* DataManager.swift in Sources */,
				546CAC6337C9C592D5488A69 /* DocumentDetailView.swift in Sources */,
				C732AB49FBC5F29E8E1476AB /* DocumentListView.swift in Sources */,
				804267FE48175AD985F51AD0 /* InsuranceDocument.swift in Sources */,
				BAE75E79DFAE0411FC56022E /* InsurancePDFService.swift in Sources */,
				02E2E4B1E37B66CD1B68FD37 /* InsuranceSummaryView.swift in Sources */,
				CA837015C1024EF93370DF2C /* InsuranceView.swift in Sources */,
				892588138507C31C1957EE84 /* MarketDataProvider.swift in Sources */,
				762786DEC456C484B5F87991 /* MoreView.swift in Sources */,
				21CCE8762144AD255F12AB71 /* MoveToCollectionView.swift in Sources */,
				B8FB3387D273AE5F6CF90728 /* OnboardingView.swift in Sources */,
				A278586B865C0B1451C233BE /* PhotoStorageService.swift in Sources */,
				C8AB2D54210851A26289B8CC /* PlaceholderView.swift in Sources */,
				8F9248D79A2A303E64F2172D /* PriceAlertService.swift in Sources */,
				B745AA336D17E9AA09F1EA28 /* PriceHistoryChartView.swift in Sources */,
				36E6109225F9FDC9DFE86F64 /* ServiceRecord.swift in Sources */,
				92D8158EFE418B3F352A96EC /* ServiceRecordListView.swift in Sources */,
				BDCE1E10FE0DEDFD79A5129D /* ServiceType.swift in Sources */,
				2DAA7119A6DCA5A3090FA1C2 /* SettingsView.swift in Sources */,
				52209C7008CB82F515D64DD6 /* Theme.swift in Sources */,
				2E4600712AFC222557822080 /* TopPerformersView.swift in Sources */,
				845558AB4E633F9BD853E154 /* ValueHistory.swift in Sources */,
				A292D6C5E7C0491F7B0FEAE8 /* ValueTrackingService.swift in Sources */,
				AE41C0B7FC51873C6551963B /* ValueTrendChartView.swift in Sources */,
				70DB64EDF4D238EF1099F7AE /* VaultApp.swift in Sources */,
				4EAC4B76EDFB00FB948D0662 /* Watch.swift in Sources */,
				341C72D60ECCDEF3BC1069AF /* WatchDetailView.swift in Sources */,
				D16F691F1E87565463517A09 /* WatchGridCell.swift in Sources */,
				3ADEBF41CAC3A7E56A77AA30 /* WearAnalyticsView.swift in Sources */,
				0BF74C03583CE17C29B22447 /* WearCalendarView.swift in Sources */,
				E42903313E9BA0DED2D8E95F /* WearHistoryView.swift in Sources */,
				DB7D18913E2C9CD8226DA122 /* WearLog.swift in Sources */,
				A3EDE3A25060B99B167F629A /* WearStatisticsView.swift in Sources */,
				BEEA112369FDA99F93468BBE /* WishlistDetailView.swift in Sources */,
				E7A4B45272DA5AAB2C2F6036 /* WishlistView.swift in Sources */,
				F17DB9677445F2A6A142BD4D /* StoreManager.swift in Sources */,
				CDFE011EC2F1E630AD79F3AD /* PaywallView.swift in Sources */,
			);
			runOnlyForDeploymentPostprocessing = 0;
		};
/* End PBXSourcesBuildPhase section */

/* Begin PBXTargetDependency section */
		EC5CA4F5F3D1BA289B07A8D6 /* PBXTargetDependency */ = {
			isa = PBXTargetDependency;
			target = DDB44E800EA1C34592858BFF /* Vault */;
			targetProxy = 560981DD456B339E282FA7D7 /* PBXContainerItemProxy */;
		};
/* End PBXTargetDependency section */

/* Begin XCBuildConfiguration section */
		3E5B4F5B0EC00B58E2210513 /* Debug */ = {
			isa = XCBuildConfiguration;
			buildSettings = {
				ASSETCATALOG_COMPILER_APPICON_NAME = AppIcon;
				CODE_SIGN_IDENTITY = "iPhone Developer";
				CODE_SIGN_STYLE = Automatic;
				CURRENT_PROJECT_VERSION = 1;
				DEVELOPMENT_TEAM = 62R87RHN6R;
				GENERATE_INFOPLIST_FILE = YES;
				INFOPLIST_KEY_CFBundleDisplayName = Vault;
				INFOPLIST_KEY_NSCameraUsageDescription = "Vault uses the camera to scan and photograph insurance documents, receipts, and appraisals for your watch collection.";
				INFOPLIST_KEY_NSPhotoLibraryUsageDescription = "Vault accesses your photo library to import documents and watch photos.";
				INFOPLIST_KEY_UILaunchScreen_Generation = YES;
				INFOPLIST_KEY_UISupportedInterfaceOrientations = UIInterfaceOrientationPortrait;
				INFOPLIST_KEY_UISupportedInterfaceOrientations_iPad = "UIInterfaceOrientationPortrait UIInterfaceOrientationPortraitUpsideDown UIInterfaceOrientationLandscapeLeft UIInterfaceOrientationLandscapeRight";
				LD_RUNPATH_SEARCH_PATHS = (
					"$(inherited)",
					"@executable_path/Frameworks",
				);
				MARKETING_VERSION = 1.0.0;
				PRODUCT_BUNDLE_IDENTIFIER = com.chadnewbry.vault;
				SDKROOT = iphoneos;
				SWIFT_EMIT_LOC_STRINGS = YES;
				TARGETED_DEVICE_FAMILY = "1,2";
			};
			name = Debug;
		};
		53F6C7FA669E50829B42FE23 /* Debug */ = {
			isa = XCBuildConfiguration;
			buildSettings = {
				BUNDLE_LOADER = "$(TEST_HOST)";
				CODE_SIGN_STYLE = Automatic;
				DEVELOPMENT_TEAM = 62R87RHN6R;
				GENERATE_INFOPLIST_FILE = YES;
				LD_RUNPATH_SEARCH_PATHS = (
					"$(inherited)",
					"@executable_path/Frameworks",
					"@loader_path/Frameworks",
				);
				PRODUCT_BUNDLE_IDENTIFIER = com.chadnewbry.vault.tests;
				SDKROOT = iphoneos;
				TARGETED_DEVICE_FAMILY = "1,2";
				TEST_HOST = "$(BUILT_PRODUCTS_DIR)/Vault.app/Vault";
			};
			name = Debug;
		};
		7EA70073DBB330BD46B7B4E5 /* Release */ = {
			isa = XCBuildConfiguration;
			buildSettings = {
				BUNDLE_LOADER = "$(TEST_HOST)";
				CODE_SIGN_STYLE = Automatic;
				DEVELOPMENT_TEAM = 62R87RHN6R;
				GENERATE_INFOPLIST_FILE = YES;
				LD_RUNPATH_SEARCH_PATHS = (
					"$(inherited)",
					"@executable_path/Frameworks",
					"@loader_path/Frameworks",
				);
				PRODUCT_BUNDLE_IDENTIFIER = com.chadnewbry.vault.tests;
				SDKROOT = iphoneos;
				TARGETED_DEVICE_FAMILY = "1,2";
				TEST_HOST = "$(BUILT_PRODUCTS_DIR)/Vault.app/Vault";
			};
			name = Release;
		};
		9E89E8BCDC8DF85764E0A760 /* Release */ = {
			isa = XCBuildConfiguration;
			buildSettings = {
				ASSETCATALOG_COMPILER_APPICON_NAME = AppIcon;
				CODE_SIGN_IDENTITY = "iPhone Developer";
				CODE_SIGN_STYLE = Automatic;
				CURRENT_PROJECT_VERSION = 1;
				DEVELOPMENT_TEAM = 62R87RHN6R;
				GENERATE_INFOPLIST_FILE = YES;
				INFOPLIST_KEY_CFBundleDisplayName = Vault;
				INFOPLIST_KEY_NSCameraUsageDescription = "Vault uses the camera to scan and photograph insurance documents, receipts, and appraisals for your watch collection.";
				INFOPLIST_KEY_NSPhotoLibraryUsageDescription = "Vault accesses your photo library to import documents and watch photos.";
				INFOPLIST_KEY_UILaunchScreen_Generation = YES;
				INFOPLIST_KEY_UISupportedInterfaceOrientations = UIInterfaceOrientationPortrait;
				INFOPLIST_KEY_UISupportedInterfaceOrientations_iPad = "UIInterfaceOrientationPortrait UIInterfaceOrientationPortraitUpsideDown UIInterfaceOrientationLandscapeLeft UIInterfaceOrientationLandscapeRight";
				LD_RUNPATH_SEARCH_PATHS = (
					"$(inherited)",
					"@executable_path/Frameworks",
				);
				MARKETING_VERSION = 1.0.0;
				PRODUCT_BUNDLE_IDENTIFIER = com.chadnewbry.vault;
				SDKROOT = iphoneos;
				SWIFT_EMIT_LOC_STRINGS = YES;
				TARGETED_DEVICE_FAMILY = "1,2";
			};
			name = Release;
		};
		B6BDF9332732D59DECAE5713 /* Release */ = {
			isa = XCBuildConfiguration;
			buildSettings = {
				ALWAYS_SEARCH_USER_PATHS = NO;
				CLANG_ANALYZER_NONNULL = YES;
				CLANG_ANALYZER_NUMBER_OBJECT_CONVERSION = YES_AGGRESSIVE;
				CLANG_CXX_LANGUAGE_STANDARD = "gnu++14";
				CLANG_CXX_LIBRARY = "libc++";
				CLANG_ENABLE_MODULES = YES;
				CLANG_ENABLE_OBJC_ARC = YES;
				CLANG_ENABLE_OBJC_WEAK = YES;
				CLANG_WARN_BLOCK_CAPTURE_AUTORELEASING = YES;
				CLANG_WARN_BOOL_CONVERSION = YES;
				CLANG_WARN_COMMA = YES;
				CLANG_WARN_CONSTANT_CONVERSION = YES;
				CLANG_WARN_DEPRECATED_OBJC_IMPLEMENTATIONS = YES;
				CLANG_WARN_DIRECT_OBJC_ISA_USAGE = YES_ERROR;
				CLANG_WARN_DOCUMENTATION_COMMENTS = YES;
				CLANG_WARN_EMPTY_BODY = YES;
				CLANG_WARN_ENUM_CONVERSION = YES;
				CLANG_WARN_INFINITE_RECURSION = YES;
				CLANG_WARN_INT_CONVERSION = YES;
				CLANG_WARN_NON_LITERAL_NULL_CONVERSION = YES;
				CLANG_WARN_OBJC_IMPLICIT_RETAIN_SELF = YES;
				CLANG_WARN_OBJC_LITERAL_CONVERSION = YES;
				CLANG_WARN_OBJC_ROOT_CLASS = YES_ERROR;
				CLANG_WARN_QUOTED_INCLUDE_IN_FRAMEWORK_HEADER = YES;
				CLANG_WARN_RANGE_LOOP_ANALYSIS = YES;
				CLANG_WARN_STRICT_PROTOTYPES = YES;
				CLANG_WARN_SUSPICIOUS_MOVE = YES;
				CLANG_WARN_UNGUARDED_AVAILABILITY = YES_AGGRESSIVE;
				CLANG_WARN_UNREACHABLE_CODE = YES;
				CLANG_WARN__DUPLICATE_METHOD_MATCH = YES;
				COPY_PHASE_STRIP = NO;
				DEBUG_INFORMATION_FORMAT = "dwarf-with-dsym";
				ENABLE_NS_ASSERTIONS = NO;
				ENABLE_STRICT_OBJC_MSGSEND = YES;
				GCC_C_LANGUAGE_STANDARD = gnu11;
				GCC_NO_COMMON_BLOCKS = YES;
				GCC_WARN_64_TO_32_BIT_CONVERSION = YES;
				GCC_WARN_ABOUT_RETURN_TYPE = YES_ERROR;
				GCC_WARN_UNDECLARED_SELECTOR = YES;
				GCC_WARN_UNINITIALIZED_AUTOS = YES_AGGRESSIVE;
				GCC_WARN_UNUSED_FUNCTION = YES;
				GCC_WARN_UNUSED_VARIABLE = YES;
				IPHONEOS_DEPLOYMENT_TARGET = 17.0;
				MTL_ENABLE_DEBUG_INFO = NO;
				MTL_FAST_MATH = YES;
				PRODUCT_NAME = "$(TARGET_NAME)";
				SDKROOT = iphoneos;
				SWIFT_COMPILATION_MODE = wholemodule;
				SWIFT_OPTIMIZATION_LEVEL = "-O";
				SWIFT_VERSION = 5.0;
			};
			name = Release;
		};
		CBB932D356AD35D71E0503D5 /* Debug */ = {
			isa = XCBuildConfiguration;
			buildSettings = {
				ALWAYS_SEARCH_USER_PATHS = NO;
				CLANG_ANALYZER_NONNULL = YES;
				CLANG_ANALYZER_NUMBER_OBJECT_CONVERSION = YES_AGGRESSIVE;
				CLANG_CXX_LANGUAGE_STANDARD = "gnu++14";
				CLANG_CXX_LIBRARY = "libc++";
				CLANG_ENABLE_MODULES = YES;
				CLANG_ENABLE_OBJC_ARC = YES;
				CLANG_ENABLE_OBJC_WEAK = YES;
				CLANG_WARN_BLOCK_CAPTURE_AUTORELEASING = YES;
				CLANG_WARN_BOOL_CONVERSION = YES;
				CLANG_WARN_COMMA = YES;
				CLANG_WARN_CONSTANT_CONVERSION = YES;
				CLANG_WARN_DEPRECATED_OBJC_IMPLEMENTATIONS = YES;
				CLANG_WARN_DIRECT_OBJC_ISA_USAGE = YES_ERROR;
				CLANG_WARN_DOCUMENTATION_COMMENTS = YES;
				CLANG_WARN_EMPTY_BODY = YES;
				CLANG_WARN_ENUM_CONVERSION = YES;
				CLANG_WARN_INFINITE_RECURSION = YES;
				CLANG_WARN_INT_CONVERSION = YES;
				CLANG_WARN_NON_LITERAL_NULL_CONVERSION = YES;
				CLANG_WARN_OBJC_IMPLICIT_RETAIN_SELF = YES;
				CLANG_WARN_OBJC_LITERAL_CONVERSION = YES;
				CLANG_WARN_OBJC_ROOT_CLASS = YES_ERROR;
				CLANG_WARN_QUOTED_INCLUDE_IN_FRAMEWORK_HEADER = YES;
				CLANG_WARN_RANGE_LOOP_ANALYSIS = YES;
				CLANG_WARN_STRICT_PROTOTYPES = YES;
				CLANG_WARN_SUSPICIOUS_MOVE = YES;
				CLANG_WARN_UNGUARDED_AVAILABILITY = YES_AGGRESSIVE;
				CLANG_WARN_UNREACHABLE_CODE = YES;
				CLANG_WARN__DUPLICATE_METHOD_MATCH = YES;
				COPY_PHASE_STRIP = NO;
				DEBUG_INFORMATION_FORMAT = dwarf;
				ENABLE_STRICT_OBJC_MSGSEND = YES;
				ENABLE_TESTABILITY = YES;
				GCC_C_LANGUAGE_STANDARD = gnu11;
				GCC_DYNAMIC_NO_PIC = NO;
				GCC_NO_COMMON_BLOCKS = YES;
				GCC_OPTIMIZATION_LEVEL = 0;
				GCC_PREPROCESSOR_DEFINITIONS = (
					"$(inherited)",
					"DEBUG=1",
				);
				GCC_WARN_64_TO_32_BIT_CONVERSION = YES;
				GCC_WARN_ABOUT_RETURN_TYPE = YES_ERROR;
				GCC_WARN_UNDECLARED_SELECTOR = YES;
				GCC_WARN_UNINITIALIZED_AUTOS = YES_AGGRESSIVE;
				GCC_WARN_UNUSED_FUNCTION = YES;
				GCC_WARN_UNUSED_VARIABLE = YES;
				IPHONEOS_DEPLOYMENT_TARGET = 17.0;
				MTL_ENABLE_DEBUG_INFO = INCLUDE_SOURCE;
				MTL_FAST_MATH = YES;
				ONLY_ACTIVE_ARCH = YES;
				PRODUCT_NAME = "$(TARGET_NAME)";
				SDKROOT = iphoneos;
				SWIFT_ACTIVE_COMPILATION_CONDITIONS = DEBUG;
				SWIFT_OPTIMIZATION_LEVEL = "-Onone";
				SWIFT_VERSION = 5.0;
			};
			name = Debug;
		};
/* End XCBuildConfiguration section */

/* Begin XCConfigurationList section */
		829E48BC2F49A560BFADFCE8 /* Build configuration list for PBXProject "Vault" */ = {
			isa = XCConfigurationList;
			buildConfigurations = (
				CBB932D356AD35D71E0503D5 /* Debug */,
				B6BDF9332732D59DECAE5713 /* Release */,
			);
			defaultConfigurationIsVisible = 0;
			defaultConfigurationName = Debug;
		};
		8D9655B528C30FC724FE49F6 /* Build configuration list for PBXNativeTarget "VaultTests" */ = {
			isa = XCConfigurationList;
			buildConfigurations = (
				53F6C7FA669E50829B42FE23 /* Debug */,
				7EA70073DBB330BD46B7B4E5 /* Release */,
			);
			defaultConfigurationIsVisible = 0;
			defaultConfigurationName = Debug;
		};
		E34AA4A293A909B9F0830AE2 /* Build configuration list for PBXNativeTarget "Vault" */ = {
			isa = XCConfigurationList;
			buildConfigurations = (
				3E5B4F5B0EC00B58E2210513 /* Debug */,
				9E89E8BCDC8DF85764E0A760 /* Release */,
			);
			defaultConfigurationIsVisible = 0;
			defaultConfigurationName = Debug;
		};
/* End XCConfigurationList section */
	};
	rootObject = 67951CF71F4DFCDAAA504831 /* Project object */;
}
